
Microsoft Visual Studio Solution File, Format Version 12.00
# Visual Studio Version 16
VisualStudioVersion = 16.0.32002.261
MinimumVisualStudioVersion = 10.0.40219.1
Project("{FAE04EC0-301F-11D3-BF4B-00C04F79EFBC}") = "RESTresale", "RESTresale\RESTresale.csproj", "{97F83AFC-770D-4992-9217-570C42B14D4C}"
EndProject
Global
	GlobalSection(SolutionConfigurationPlatforms) = preSolution
		Debug|Any CPU = Debug|Any CPU
		Release|Any CPU = Release|Any CPU
	EndGlobalSection
	GlobalSection(ProjectConfigurationPlatforms) = postSolution
		{97F83AFC-770D-4992-9217-570C42B14D4C}.Debug|Any CPU.ActiveCfg = Debug|Any CPU
		{97F83AFC-770D-4992-9217-570C42B14D4C}.Debug|Any CPU.Build.0 = Debug|Any CPU
		{97F83AFC-770D-4992-9217-570C42B14D4C}.Release|Any CPU.ActiveCfg = Release|Any CPU
		{97F83AFC-770D-4992-9217-570C42B14D4C}.Release|Any CPU.Build.0 = Release|Any CPU
	EndGlobalSection
	GlobalSection(SolutionProperties) = preSolution
		HideSolutionNode = FALSE
	EndGlobalSection
	GlobalSection(ExtensibilityGlobals) = postSolution
		SolutionGuid = {BE1DA180-89B3-4947-81A9-CC5BA367CE6E}
	EndGlobalSection
EndGlobal
